
Microsoft Visual Studio Solution File, Format Version 12.00
# Visual Studio Version 17
VisualStudioVersion = 17.5.33502.453
MinimumVisualStudioVersion = 10.0.40219.1
Project("{FAE04EC0-301F-11D3-BF4B-00C04F79EFBC}") = "WebApplication12", "WebApplication12\WebApplication12.csproj", "{8FD516A7-3E86-4181-BBD1-6FB95CBA5A31}"
EndProject
Global
	GlobalSection(SolutionConfigurationPlatforms) = preSolution
		Debug|Any CPU = Debug|Any CPU
		Release|Any CPU = Release|Any CPU
	EndGlobalSection
	GlobalSection(ProjectConfigurationPlatforms) = postSolution
		{8FD516A7-3E86-4181-BBD1-6FB95CBA5A31}.Debug|Any CPU.ActiveCfg = Debug|Any CPU
		{8FD516A7-3E86-4181-BBD1-6FB95CBA5A31}.Debug|Any CPU.Build.0 = Debug|Any CPU
		{8FD516A7-3E86-4181-BBD1-6FB95CBA5A31}.Release|Any CPU.ActiveCfg = Release|Any CPU
		{8FD516A7-3E86-4181-BBD1-6FB95CBA5A31}.Release|Any CPU.Build.0 = Release|Any CPU
	EndGlobalSection
	GlobalSection(SolutionProperties) = preSolution
		HideSolutionNode = FALSE
	EndGlobalSection
	GlobalSection(ExtensibilityGlobals) = postSolution
		SolutionGuid = {108F0075-9E0E-4164-A860-AB2509C8416E}
	EndGlobalSection
EndGlobal
