
Microsoft Visual Studio Solution File, Format Version 12.00
# Visual Studio Version 17
VisualStudioVersion = 17.5.33502.453
MinimumVisualStudioVersion = 10.0.40219.1
Project("{FAE04EC0-301F-11D3-BF4B-00C04F79EFBC}") = "WebApplication20", "WebApplication20\WebApplication20.csproj", "{7C1A517E-BA68-47B4-BD3E-1A65F23037A3}"
EndProject
Global
	GlobalSection(SolutionConfigurationPlatforms) = preSolution
		Debug|Any CPU = Debug|Any CPU
		Release|Any CPU = Release|Any CPU
	EndGlobalSection
	GlobalSection(ProjectConfigurationPlatforms) = postSolution
		{7C1A517E-BA68-47B4-BD3E-1A65F23037A3}.Debug|Any CPU.ActiveCfg = Debug|Any CPU
		{7C1A517E-BA68-47B4-BD3E-1A65F23037A3}.Debug|Any CPU.Build.0 = Debug|Any CPU
		{7C1A517E-BA68-47B4-BD3E-1A65F23037A3}.Release|Any CPU.ActiveCfg = Release|Any CPU
		{7C1A517E-BA68-47B4-BD3E-1A65F23037A3}.Release|Any CPU.Build.0 = Release|Any CPU
	EndGlobalSection
	GlobalSection(SolutionProperties) = preSolution
		HideSolutionNode = FALSE
	EndGlobalSection
	GlobalSection(ExtensibilityGlobals) = postSolution
		SolutionGuid = {7A3C5350-6F9A-4403-8681-87EAFD4B821F}
	EndGlobalSection
EndGlobal
