
Microsoft Visual Studio Solution File, Format Version 12.00
# Visual Studio Version 17
VisualStudioVersion = 17.5.33502.453
MinimumVisualStudioVersion = 10.0.40219.1
Project("{FAE04EC0-301F-11D3-BF4B-00C04F79EFBC}") = "WebApplication17", "WebApplication17\WebApplication17.csproj", "{785DFE7F-426C-4609-8BC0-7915A3DF832D}"
EndProject
Global
	GlobalSection(SolutionConfigurationPlatforms) = preSolution
		Debug|Any CPU = Debug|Any CPU
		Release|Any CPU = Release|Any CPU
	EndGlobalSection
	GlobalSection(ProjectConfigurationPlatforms) = postSolution
		{785DFE7F-426C-4609-8BC0-7915A3DF832D}.Debug|Any CPU.ActiveCfg = Debug|Any CPU
		{785DFE7F-426C-4609-8BC0-7915A3DF832D}.Debug|Any CPU.Build.0 = Debug|Any CPU
		{785DFE7F-426C-4609-8BC0-7915A3DF832D}.Release|Any CPU.ActiveCfg = Release|Any CPU
		{785DFE7F-426C-4609-8BC0-7915A3DF832D}.Release|Any CPU.Build.0 = Release|Any CPU
	EndGlobalSection
	GlobalSection(SolutionProperties) = preSolution
		HideSolutionNode = FALSE
	EndGlobalSection
	GlobalSection(ExtensibilityGlobals) = postSolution
		SolutionGuid = {511A12F6-AFEB-40C4-ADB6-48D01DBF4942}
	EndGlobalSection
EndGlobal
