
Microsoft Visual Studio Solution File, Format Version 12.00
# Visual Studio Version 17
VisualStudioVersion = 17.5.33502.453
MinimumVisualStudioVersion = 10.0.40219.1
Project("{FAE04EC0-301F-11D3-BF4B-00C04F79EFBC}") = "WebApplication3", "WebApplication3\WebApplication3.csproj", "{16D73459-CDE7-4F83-86FD-6B7AB2DA227E}"
EndProject
Global
	GlobalSection(SolutionConfigurationPlatforms) = preSolution
		Debug|Any CPU = Debug|Any CPU
		Release|Any CPU = Release|Any CPU
	EndGlobalSection
	GlobalSection(ProjectConfigurationPlatforms) = postSolution
		{16D73459-CDE7-4F83-86FD-6B7AB2DA227E}.Debug|Any CPU.ActiveCfg = Debug|Any CPU
		{16D73459-CDE7-4F83-86FD-6B7AB2DA227E}.Debug|Any CPU.Build.0 = Debug|Any CPU
		{16D73459-CDE7-4F83-86FD-6B7AB2DA227E}.Release|Any CPU.ActiveCfg = Release|Any CPU
		{16D73459-CDE7-4F83-86FD-6B7AB2DA227E}.Release|Any CPU.Build.0 = Release|Any CPU
	EndGlobalSection
	GlobalSection(SolutionProperties) = preSolution
		HideSolutionNode = FALSE
	EndGlobalSection
	GlobalSection(ExtensibilityGlobals) = postSolution
		SolutionGuid = {DE4C2966-F986-4498-A840-D2865CB2CDBB}
	EndGlobalSection
EndGlobal
