
Microsoft Visual Studio Solution File, Format Version 12.00
# Visual Studio Version 17
VisualStudioVersion = 17.5.33502.453
MinimumVisualStudioVersion = 10.0.40219.1
Project("{FAE04EC0-301F-11D3-BF4B-00C04F79EFBC}") = "WebApplication32", "WebApplication32\WebApplication32.csproj", "{45C2B282-F22B-4AE6-A82B-9DFE25CACDDB}"
EndProject
Global
	GlobalSection(SolutionConfigurationPlatforms) = preSolution
		Debug|Any CPU = Debug|Any CPU
		Release|Any CPU = Release|Any CPU
	EndGlobalSection
	GlobalSection(ProjectConfigurationPlatforms) = postSolution
		{45C2B282-F22B-4AE6-A82B-9DFE25CACDDB}.Debug|Any CPU.ActiveCfg = Debug|Any CPU
		{45C2B282-F22B-4AE6-A82B-9DFE25CACDDB}.Debug|Any CPU.Build.0 = Debug|Any CPU
		{45C2B282-F22B-4AE6-A82B-9DFE25CACDDB}.Release|Any CPU.ActiveCfg = Release|Any CPU
		{45C2B282-F22B-4AE6-A82B-9DFE25CACDDB}.Release|Any CPU.Build.0 = Release|Any CPU
	EndGlobalSection
	GlobalSection(SolutionProperties) = preSolution
		HideSolutionNode = FALSE
	EndGlobalSection
	GlobalSection(ExtensibilityGlobals) = postSolution
		SolutionGuid = {8130E765-995D-4CA5-B87B-75FE1791C0AD}
	EndGlobalSection
EndGlobal
