
Microsoft Visual Studio Solution File, Format Version 12.00
# Visual Studio Version 17
VisualStudioVersion = 17.5.33502.453
MinimumVisualStudioVersion = 10.0.40219.1
Project("{FAE04EC0-301F-11D3-BF4B-00C04F79EFBC}") = "WebApplication1", "WebApplication1\WebApplication1.csproj", "{C7A78869-D0CD-47F2-8D10-7EEC85A2C686}"
EndProject
Global
	GlobalSection(SolutionConfigurationPlatforms) = preSolution
		Debug|Any CPU = Debug|Any CPU
		Release|Any CPU = Release|Any CPU
	EndGlobalSection
	GlobalSection(ProjectConfigurationPlatforms) = postSolution
		{C7A78869-D0CD-47F2-8D10-7EEC85A2C686}.Debug|Any CPU.ActiveCfg = Debug|Any CPU
		{C7A78869-D0CD-47F2-8D10-7EEC85A2C686}.Debug|Any CPU.Build.0 = Debug|Any CPU
		{C7A78869-D0CD-47F2-8D10-7EEC85A2C686}.Release|Any CPU.ActiveCfg = Release|Any CPU
		{C7A78869-D0CD-47F2-8D10-7EEC85A2C686}.Release|Any CPU.Build.0 = Release|Any CPU
	EndGlobalSection
	GlobalSection(SolutionProperties) = preSolution
		HideSolutionNode = FALSE
	EndGlobalSection
	GlobalSection(ExtensibilityGlobals) = postSolution
		SolutionGuid = {587CF986-0666-48D5-BEDA-36EF84E21F11}
	EndGlobalSection
EndGlobal
