
Microsoft Visual Studio Solution File, Format Version 12.00
# Visual Studio Version 17
VisualStudioVersion = 17.5.33502.453
MinimumVisualStudioVersion = 10.0.40219.1
Project("{FAE04EC0-301F-11D3-BF4B-00C04F79EFBC}") = "AudMVC3", "AudMVC3\AudMVC3.csproj", "{2EED5834-78E3-417B-836B-6E8645A47C3A}"
EndProject
Global
	GlobalSection(SolutionConfigurationPlatforms) = preSolution
		Debug|Any CPU = Debug|Any CPU
		Release|Any CPU = Release|Any CPU
	EndGlobalSection
	GlobalSection(ProjectConfigurationPlatforms) = postSolution
		{2EED5834-78E3-417B-836B-6E8645A47C3A}.Debug|Any CPU.ActiveCfg = Debug|Any CPU
		{2EED5834-78E3-417B-836B-6E8645A47C3A}.Debug|Any CPU.Build.0 = Debug|Any CPU
		{2EED5834-78E3-417B-836B-6E8645A47C3A}.Release|Any CPU.ActiveCfg = Release|Any CPU
		{2EED5834-78E3-417B-836B-6E8645A47C3A}.Release|Any CPU.Build.0 = Release|Any CPU
	EndGlobalSection
	GlobalSection(SolutionProperties) = preSolution
		HideSolutionNode = FALSE
	EndGlobalSection
	GlobalSection(ExtensibilityGlobals) = postSolution
		SolutionGuid = {627D861D-E670-4150-94E9-1A7E850B66DF}
	EndGlobalSection
EndGlobal
