
Microsoft Visual Studio Solution File, Format Version 12.00
# Visual Studio Version 17
VisualStudioVersion = 17.5.33502.453
MinimumVisualStudioVersion = 10.0.40219.1
Project("{FAE04EC0-301F-11D3-BF4B-00C04F79EFBC}") = "WebApplication27", "WebApplication27\WebApplication27.csproj", "{CEA005AD-99CC-4219-9107-8F8E2545CBDE}"
EndProject
Global
	GlobalSection(SolutionConfigurationPlatforms) = preSolution
		Debug|Any CPU = Debug|Any CPU
		Release|Any CPU = Release|Any CPU
	EndGlobalSection
	GlobalSection(ProjectConfigurationPlatforms) = postSolution
		{CEA005AD-99CC-4219-9107-8F8E2545CBDE}.Debug|Any CPU.ActiveCfg = Debug|Any CPU
		{CEA005AD-99CC-4219-9107-8F8E2545CBDE}.Debug|Any CPU.Build.0 = Debug|Any CPU
		{CEA005AD-99CC-4219-9107-8F8E2545CBDE}.Release|Any CPU.ActiveCfg = Release|Any CPU
		{CEA005AD-99CC-4219-9107-8F8E2545CBDE}.Release|Any CPU.Build.0 = Release|Any CPU
	EndGlobalSection
	GlobalSection(SolutionProperties) = preSolution
		HideSolutionNode = FALSE
	EndGlobalSection
	GlobalSection(ExtensibilityGlobals) = postSolution
		SolutionGuid = {748B4BC8-C175-4540-8AF5-9C819C328FDC}
	EndGlobalSection
EndGlobal
