
Microsoft Visual Studio Solution File, Format Version 12.00
# Visual Studio Version 17
VisualStudioVersion = 17.5.33502.453
MinimumVisualStudioVersion = 10.0.40219.1
Project("{FAE04EC0-301F-11D3-BF4B-00C04F79EFBC}") = "WebApplication10", "WebApplication10\WebApplication10.csproj", "{EFBD1199-F496-4501-94E9-5871FD75CD2D}"
EndProject
Global
	GlobalSection(SolutionConfigurationPlatforms) = preSolution
		Debug|Any CPU = Debug|Any CPU
		Release|Any CPU = Release|Any CPU
	EndGlobalSection
	GlobalSection(ProjectConfigurationPlatforms) = postSolution
		{EFBD1199-F496-4501-94E9-5871FD75CD2D}.Debug|Any CPU.ActiveCfg = Debug|Any CPU
		{EFBD1199-F496-4501-94E9-5871FD75CD2D}.Debug|Any CPU.Build.0 = Debug|Any CPU
		{EFBD1199-F496-4501-94E9-5871FD75CD2D}.Release|Any CPU.ActiveCfg = Release|Any CPU
		{EFBD1199-F496-4501-94E9-5871FD75CD2D}.Release|Any CPU.Build.0 = Release|Any CPU
	EndGlobalSection
	GlobalSection(SolutionProperties) = preSolution
		HideSolutionNode = FALSE
	EndGlobalSection
	GlobalSection(ExtensibilityGlobals) = postSolution
		SolutionGuid = {6EC2D9E9-20A6-471E-A3A1-4165B606A188}
	EndGlobalSection
EndGlobal
