
Microsoft Visual Studio Solution File, Format Version 12.00
# Visual Studio Version 17
VisualStudioVersion = 17.5.33502.453
MinimumVisualStudioVersion = 10.0.40219.1
Project("{FAE04EC0-301F-11D3-BF4B-00C04F79EFBC}") = "WebApplication29", "WebApplication29\WebApplication29.csproj", "{76A20C0C-A6F7-4D10-BB3A-7BF831A8C8D7}"
EndProject
Global
	GlobalSection(SolutionConfigurationPlatforms) = preSolution
		Debug|Any CPU = Debug|Any CPU
		Release|Any CPU = Release|Any CPU
	EndGlobalSection
	GlobalSection(ProjectConfigurationPlatforms) = postSolution
		{76A20C0C-A6F7-4D10-BB3A-7BF831A8C8D7}.Debug|Any CPU.ActiveCfg = Debug|Any CPU
		{76A20C0C-A6F7-4D10-BB3A-7BF831A8C8D7}.Debug|Any CPU.Build.0 = Debug|Any CPU
		{76A20C0C-A6F7-4D10-BB3A-7BF831A8C8D7}.Release|Any CPU.ActiveCfg = Release|Any CPU
		{76A20C0C-A6F7-4D10-BB3A-7BF831A8C8D7}.Release|Any CPU.Build.0 = Release|Any CPU
	EndGlobalSection
	GlobalSection(SolutionProperties) = preSolution
		HideSolutionNode = FALSE
	EndGlobalSection
	GlobalSection(ExtensibilityGlobals) = postSolution
		SolutionGuid = {3548AA85-A9E8-47FC-BDE7-0F8D1B1ED564}
	EndGlobalSection
EndGlobal
